{
  "nodes": {
    "figma-patched": {
      "locked": {
        "lastModified": 1752833098,
        "narHash": "sha256-Y/mdAxKUEBOE4kWFplsFY6dJm55kqPGOm0rhlXS6cEM=",
        "owner": "ilsubyeega",
        "repo": "nixpkgs",
        "rev": "9d6dfd775d01534089113604ba52cdd4cc43860d",
        "type": "github"
      },
      "original": {
        "owner": "ilsubyeega",
        "ref": "figma-agent",
        "repo": "nixpkgs",
        "type": "github"
      }
    },
    "flake-utils": {
      "inputs": {
        "systems": [
          "ignis",
          "systems"
        ]
      },
      "locked": {
        "lastModified": 1731533236,
        "narHash": "sha256-l0KFg5HjrsfsO/JpG+r7fRrqm12kzFHyUHqHCVpMMbI=",
        "owner": "numtide",
        "repo": "flake-utils",
        "rev": "11707dc2f618dd54ca8739b309ec4fc024de578b",
        "type": "github"
      },
      "original": {
        "owner": "numtide",
        "repo": "flake-utils",
        "type": "github"
      }
    },
    "gvc": {
      "flake": false,
      "locked": {
        "lastModified": 1735384240,
        "narHash": "sha256-ikF9EzFlsRH8i4+SVUHETF4Jk1ob2JX1RLsuMdzrQOQ=",
        "owner": "ignis-sh",
        "repo": "libgnome-volume-control-wheel",
        "rev": "2d1cb33dacdae43127bb843a48b159ea7b8925d0",
        "type": "github"
      },
      "original": {
        "owner": "ignis-sh",
        "repo": "libgnome-volume-control-wheel",
        "type": "github"
      }
    },
    "home-manager": {
      "inputs": {
        "nixpkgs": [
          "nixpkgs"
        ]
      },
      "locked": {
        "lastModified": 1752202894,
        "narHash": "sha256-knafgng4gCjZIUMyAEWjxxdols6n/swkYnbWr+oF+1w=",
        "owner": "nix-community",
        "repo": "home-manager",
        "rev": "fab659b346c0d4252208434c3c4b3983a4b38fec",
        "type": "github"
      },
      "original": {
        "owner": "nix-community",
        "repo": "home-manager",
        "type": "github"
      }
    },
    "home-manager_2": {
      "inputs": {
        "nixpkgs": [
          "zen-browser",
          "nixpkgs"
        ]
      },
      "locked": {
        "lastModified": 1743604125,
        "narHash": "sha256-ZD61DNbsBt1mQbinAaaEqKaJk2RFo9R/j+eYWeGMx7A=",
        "owner": "nix-community",
        "repo": "home-manager",
        "rev": "180fd43eea296e62ae68e079fcf56aba268b9a1a",
        "type": "github"
      },
      "original": {
        "owner": "nix-community",
        "repo": "home-manager",
        "type": "github"
      }
    },
    "ignis": {
      "inputs": {
        "flake-utils": "flake-utils",
        "gvc": "gvc",
        "nixpkgs": [
          "nixpkgs"
        ],
        "systems": "systems"
      },
      "locked": {
        "lastModified": 1751905641,
        "narHash": "sha256-jUrEaYP49bll7kvWAdOXqwYTc3yBEscQoA3vksOB3bY=",
        "owner": "ignis-sh",
        "repo": "ignis",
        "rev": "7042b95a6e97799d4da4f4d6cd826a921453b546",
        "type": "github"
      },
      "original": {
        "owner": "ignis-sh",
        "repo": "ignis",
        "type": "github"
      }
    },
    "nixpkgs": {
      "locked": {
        "lastModified": 1751984180,
        "narHash": "sha256-LwWRsENAZJKUdD3SpLluwDmdXY9F45ZEgCb0X+xgOL0=",
        "owner": "nixos",
        "repo": "nixpkgs",
        "rev": "9807714d6944a957c2e036f84b0ff8caf9930bc0",
        "type": "github"
      },
      "original": {
        "owner": "nixos",
        "ref": "nixos-unstable",
        "repo": "nixpkgs",
        "type": "github"
      }
    },
    "quickshell": {
      "inputs": {
        "nixpkgs": [
          "nixpkgs"
        ]
      },
      "locked": {
        "lastModified": 1752209830,
        "narHash": "sha256-QNwSVRSnb173usdTV4TtKPepGNrKhUFn06r/444kkOU=",
        "owner": "quickshell-mirror",
        "repo": "quickshell",
        "rev": "026aac375617a99ea0b5746fd6df2fc8aa526761",
        "type": "github"
      },
      "original": {
        "owner": "quickshell-mirror",
        "repo": "quickshell",
        "type": "github"
      }
    },
    "root": {
      "inputs": {
        "figma-patched": "figma-patched",
        "home-manager": "home-manager",
        "ignis": "ignis",
        "nixpkgs": "nixpkgs",
        "quickshell": "quickshell",
        "zen-browser": "zen-browser"
      }
    },
    "systems": {
      "locked": {
        "lastModified": 1689347949,
        "narHash": "sha256-12tWmuL2zgBgZkdoB6qXZsgJEH9LR3oUgpaQq2RbI80=",
        "owner": "nix-systems",
        "repo": "default-linux",
        "rev": "31732fcf5e8fea42e59c2488ad31a0e651500f68",
        "type": "github"
      },
      "original": {
        "owner": "nix-systems",
        "repo": "default-linux",
        "type": "github"
      }
    },
    "zen-browser": {
      "inputs": {
        "home-manager": "home-manager_2",
        "nixpkgs": [
          "nixpkgs"
        ]
      },
      "locked": {
        "lastModified": 1752208635,
        "narHash": "sha256-Vj7AflxLrZ7t+W2y3EE5yxl9rOYeNDbULZgKHOufPes=",
        "owner": "0xc000022070",
        "repo": "zen-browser-flake",
        "rev": "e4b21d0fdabda6c7efebeb62897b87291f78e183",
        "type": "github"
      },
      "original": {
        "owner": "0xc000022070",
        "repo": "zen-browser-flake",
        "type": "github"
      }
    }
  },
  "root": "root",
  "version": 7
}
